
Microsoft Visual Studio Solution File, Format Version 12.00
# Visual Studio Version 16
VisualStudioVersion = 16.0.31911.196
MinimumVisualStudioVersion = 10.0.40219.1
Project("{8BC9CEB8-8B4A-11D0-8D11-00A0C91BC942}") = "pimax-openxr", "pimax-openxr\pimax-openxr.vcxproj", "{93D573D0-634F-4BA0-8FE0-FB63D7D00A05}"
EndProject
Project("{2150E333-8FDC-42A3-9474-1A3956D46DE8}") = "Solution Files", "Solution Files", "{A53ED6CB-95D3-4833-8A16-C6A588F16F6E}"
	ProjectSection(SolutionItems) = preProject
		.clang-format = .clang-format
		.gitattributes = .gitattributes
		.gitignore = .gitignore
		LICENSE = LICENSE
		README.md = README.md
	EndProjectSection
EndProject
Project("{2150E333-8FDC-42A3-9474-1A3956D46DE8}") = "Scripts", "Scripts", "{BA775DE9-671E-4E3B-92AC-9828C2AAF490}"
	ProjectSection(SolutionItems) = preProject
		scripts\Install-Runtime.ps1 = scripts\Install-Runtime.ps1
		scripts\PimaxOpenXR.wprp = scripts\PimaxOpenXR.wprp
	EndProjectSection
EndProject
Project("{54435603-DBB4-11D2-8724-00A0C9A8B90C}") = "installer", "installer\installer.vdproj", "{8B253B1D-439A-4A30-AEC6-D1984861AD88}"
EndProject
Project("{2150E333-8FDC-42A3-9474-1A3956D46DE8}") = "GitHub", "GitHub", "{8F6FBE40-3313-449F-ABA0-D7AB4578BC51}"
	ProjectSection(SolutionItems) = preProject
		.github\workflows\msbuild.yml = .github\workflows\msbuild.yml
	EndProjectSection
EndProject
Project("{FAE04EC0-301F-11D3-BF4B-00C04F79EFBC}") = "companion", "companion\companion.csproj", "{795212E0-1E96-44AB-8D87-9DA1751C0EB2}"
	ProjectSection(ProjectDependencies) = postProject
		{93D573D0-634F-4BA0-8FE0-FB63D7D00A05} = {93D573D0-634F-4BA0-8FE0-FB63D7D00A05}
	EndProjectSection
EndProject
Global
	GlobalSection(SolutionConfigurationPlatforms) = preSolution
		Debug|Win32 = Debug|Win32
		Debug|x64 = Debug|x64
		Release|Win32 = Release|Win32
		Release|x64 = Release|x64
	EndGlobalSection
	GlobalSection(ProjectConfigurationPlatforms) = postSolution
		{93D573D0-634F-4BA0-8FE0-FB63D7D00A05}.Debug|Win32.ActiveCfg = Debug|Win32
		{93D573D0-634F-4BA0-8FE0-FB63D7D00A05}.Debug|Win32.Build.0 = Debug|Win32
		{93D573D0-634F-4BA0-8FE0-FB63D7D00A05}.Debug|x64.ActiveCfg = Debug|x64
		{93D573D0-634F-4BA0-8FE0-FB63D7D00A05}.Debug|x64.Build.0 = Debug|x64
		{93D573D0-634F-4BA0-8FE0-FB63D7D00A05}.Release|Win32.ActiveCfg = Release|Win32
		{93D573D0-634F-4BA0-8FE0-FB63D7D00A05}.Release|Win32.Build.0 = Release|Win32
		{93D573D0-634F-4BA0-8FE0-FB63D7D00A05}.Release|x64.ActiveCfg = Release|x64
		{93D573D0-634F-4BA0-8FE0-FB63D7D00A05}.Release|x64.Build.0 = Release|x64
		{8B253B1D-439A-4A30-AEC6-D1984861AD88}.Debug|Win32.ActiveCfg = Debug
		{8B253B1D-439A-4A30-AEC6-D1984861AD88}.Debug|x64.ActiveCfg = Debug
		{8B253B1D-439A-4A30-AEC6-D1984861AD88}.Release|Win32.ActiveCfg = Release
		{8B253B1D-439A-4A30-AEC6-D1984861AD88}.Release|x64.ActiveCfg = Release
		{8B253B1D-439A-4A30-AEC6-D1984861AD88}.Release|x64.Build.0 = Release
		{795212E0-1E96-44AB-8D87-9DA1751C0EB2}.Debug|Win32.ActiveCfg = Debug|Any CPU
		{795212E0-1E96-44AB-8D87-9DA1751C0EB2}.Debug|Win32.Build.0 = Debug|Any CPU
		{795212E0-1E96-44AB-8D87-9DA1751C0EB2}.Debug|x64.ActiveCfg = Debug|Any CPU
		{795212E0-1E96-44AB-8D87-9DA1751C0EB2}.Debug|x64.Build.0 = Debug|Any CPU
		{795212E0-1E96-44AB-8D87-9DA1751C0EB2}.Release|Win32.ActiveCfg = Release|Any CPU
		{795212E0-1E96-44AB-8D87-9DA1751C0EB2}.Release|Win32.Build.0 = Release|Any CPU
		{795212E0-1E96-44AB-8D87-9DA1751C0EB2}.Release|x64.ActiveCfg = Release|Any CPU
		{795212E0-1E96-44AB-8D87-9DA1751C0EB2}.Release|x64.Build.0 = Release|Any CPU
	EndGlobalSection
	GlobalSection(SolutionProperties) = preSolution
		HideSolutionNode = FALSE
	EndGlobalSection
	GlobalSection(NestedProjects) = preSolution
		{BA775DE9-671E-4E3B-92AC-9828C2AAF490} = {A53ED6CB-95D3-4833-8A16-C6A588F16F6E}
		{8F6FBE40-3313-449F-ABA0-D7AB4578BC51} = {A53ED6CB-95D3-4833-8A16-C6A588F16F6E}
	EndGlobalSection
	GlobalSection(ExtensibilityGlobals) = postSolution
		SolutionGuid = {07E77829-9766-4585-AC6C-0A28BA014E77}
	EndGlobalSection
EndGlobal
